
Microsoft Visual Studio Solution File, Format Version 12.00
# Visual Studio Version 17
VisualStudioVersion = 17.0.31903.59
MinimumVisualStudioVersion = 10.0.40219.1
Project("{2150E333-8FDC-42A3-9474-1A3956D46DE8}") = "src", "src", "{827E0CD3-B72D-47B6-A68D-7590B98EB39B}"
EndProject
Project("{2150E333-8FDC-42A3-9474-1A3956D46DE8}") = "SharedKernel", "SharedKernel", "{85F909CB-8F14-ECC8-BA9D-713D1771907F}"
EndProject
Project("{FAE04EC0-301F-11D3-BF4B-00C04F79EFBC}") = "HealthBooking.SharedKernel", "src\SharedKernel\HealthBooking.SharedKernel\HealthBooking.SharedKernel.csproj", "{519FA343-4C23-4360-A705-8D32BEA40E2A}"
EndProject
Project("{FAE04EC0-301F-11D3-BF4B-00C04F79EFBC}") = "HealthBooking.Contracts", "src\SharedKernel\HealthBooking.Contracts\HealthBooking.Contracts.csproj", "{CE140F4D-BCAC-4C94-BED7-49B0636C0840}"
EndProject
Project("{2150E333-8FDC-42A3-9474-1A3956D46DE8}") = "Services", "Services", "{984BB9B3-3FA3-BE33-9484-CAC21695A33C}"
EndProject
Project("{2150E333-8FDC-42A3-9474-1A3956D46DE8}") = "PatientService", "PatientService", "{34760CDF-6AC2-5244-C172-C69719E4E207}"
EndProject
Project("{FAE04EC0-301F-11D3-BF4B-00C04F79EFBC}") = "PatientService.Domain", "src\Services\PatientService\PatientService.Domain\PatientService.Domain.csproj", "{08134E10-2DF7-449F-B459-BB729494778E}"
EndProject
Project("{FAE04EC0-301F-11D3-BF4B-00C04F79EFBC}") = "PatientService.Application", "src\Services\PatientService\PatientService.Application\PatientService.Application.csproj", "{392B0349-A837-4BD4-8D6D-1562F8F88A26}"
EndProject
Project("{FAE04EC0-301F-11D3-BF4B-00C04F79EFBC}") = "PatientService.Infrastructure", "src\Services\PatientService\PatientService.Infrastructure\PatientService.Infrastructure.csproj", "{E334FEB7-4B58-4224-9821-16EBA8814DCE}"
EndProject
Project("{FAE04EC0-301F-11D3-BF4B-00C04F79EFBC}") = "PatientService.API", "src\Services\PatientService\PatientService.API\PatientService.API.csproj", "{355C3934-E36B-481A-B5BD-8FEDDAA81093}"
EndProject
Project("{2150E333-8FDC-42A3-9474-1A3956D46DE8}") = "ProviderService", "ProviderService", "{76A1D47B-7348-6910-8FC7-D901FB6F5829}"
EndProject
Project("{FAE04EC0-301F-11D3-BF4B-00C04F79EFBC}") = "ProviderService.Domain", "src\Services\ProviderService\ProviderService.Domain\ProviderService.Domain.csproj", "{0330B925-CDA7-4ED1-AF48-DC22CC5E7E8C}"
EndProject
Project("{FAE04EC0-301F-11D3-BF4B-00C04F79EFBC}") = "ProviderService.Application", "src\Services\ProviderService\ProviderService.Application\ProviderService.Application.csproj", "{7F33CD92-0F13-46AE-9773-981AE76CC497}"
EndProject
Project("{FAE04EC0-301F-11D3-BF4B-00C04F79EFBC}") = "ProviderService.Infrastructure", "src\Services\ProviderService\ProviderService.Infrastructure\ProviderService.Infrastructure.csproj", "{78488E1F-D8D0-4E13-A903-5102D4E9D076}"
EndProject
Project("{FAE04EC0-301F-11D3-BF4B-00C04F79EFBC}") = "ProviderService.API", "src\Services\ProviderService\ProviderService.API\ProviderService.API.csproj", "{CE3D17F3-68BC-476C-870C-4810A17636DA}"
EndProject
Project("{2150E333-8FDC-42A3-9474-1A3956D46DE8}") = "AppointmentService", "AppointmentService", "{F2AFAB5B-9718-16EF-988A-BBF3181D1F28}"
EndProject
Project("{FAE04EC0-301F-11D3-BF4B-00C04F79EFBC}") = "AppointmentService.Domain", "src\Services\AppointmentService\AppointmentService.Domain\AppointmentService.Domain.csproj", "{367C1439-65FF-4224-A5F5-DE52CF6DDFC6}"
EndProject
Project("{FAE04EC0-301F-11D3-BF4B-00C04F79EFBC}") = "AppointmentService.Application", "src\Services\AppointmentService\AppointmentService.Application\AppointmentService.Application.csproj", "{4488EA9C-EB8E-4292-8E94-CEA83C519783}"
EndProject
Project("{FAE04EC0-301F-11D3-BF4B-00C04F79EFBC}") = "AppointmentService.Infrastructure", "src\Services\AppointmentService\AppointmentService.Infrastructure\AppointmentService.Infrastructure.csproj", "{04E64B4D-7A8B-4010-BEBA-6921BED2CD6F}"
EndProject
Project("{FAE04EC0-301F-11D3-BF4B-00C04F79EFBC}") = "AppointmentService.API", "src\Services\AppointmentService\AppointmentService.API\AppointmentService.API.csproj", "{DFCDD918-BB98-44B3-B74D-8825CBE5F23F}"
EndProject
Project("{2150E333-8FDC-42A3-9474-1A3956D46DE8}") = "NotificationService", "NotificationService", "{47931FAB-DBE1-FD8F-0AFF-2CD4B99C52C4}"
EndProject
Project("{FAE04EC0-301F-11D3-BF4B-00C04F79EFBC}") = "NotificationService.Domain", "src\Services\NotificationService\NotificationService.Domain\NotificationService.Domain.csproj", "{DD227CB3-0B2D-4AB1-B545-C83056E2F26A}"
EndProject
Project("{FAE04EC0-301F-11D3-BF4B-00C04F79EFBC}") = "NotificationService.Application", "src\Services\NotificationService\NotificationService.Application\NotificationService.Application.csproj", "{10D52E11-6269-479C-8FF2-68899C86420F}"
EndProject
Project("{FAE04EC0-301F-11D3-BF4B-00C04F79EFBC}") = "NotificationService.Infrastructure", "src\Services\NotificationService\NotificationService.Infrastructure\NotificationService.Infrastructure.csproj", "{984F6CB1-F2FD-455C-BC4A-BE236F71A693}"
EndProject
Project("{FAE04EC0-301F-11D3-BF4B-00C04F79EFBC}") = "NotificationService.API", "src\Services\NotificationService\NotificationService.API\NotificationService.API.csproj", "{0974AAEA-E1D7-45A0-8C47-F726672800E7}"
EndProject
Project("{2150E333-8FDC-42A3-9474-1A3956D46DE8}") = "tests", "tests", "{0AB3BF05-4346-4AA6-1389-037BE0695223}"
EndProject
Project("{FAE04EC0-301F-11D3-BF4B-00C04F79EFBC}") = "PatientService.UnitTests", "tests\PatientService.UnitTests\PatientService.UnitTests.csproj", "{7EE05844-6AD0-49F9-AB66-50083FF2A465}"
EndProject
Project("{FAE04EC0-301F-11D3-BF4B-00C04F79EFBC}") = "PatientService.IntegrationTests", "tests\PatientService.IntegrationTests\PatientService.IntegrationTests.csproj", "{D8915787-4034-4AC2-ABC0-0BC7679FFC64}"
EndProject
Project("{FAE04EC0-301F-11D3-BF4B-00C04F79EFBC}") = "ProviderService.UnitTests", "tests\ProviderService.UnitTests\ProviderService.UnitTests.csproj", "{764EC843-6C8E-422F-BB00-0480010598D0}"
EndProject
Project("{FAE04EC0-301F-11D3-BF4B-00C04F79EFBC}") = "ProviderService.IntegrationTests", "tests\ProviderService.IntegrationTests\ProviderService.IntegrationTests.csproj", "{6F94AA2E-0BE5-47C8-AE29-69611E276E0E}"
EndProject
Project("{FAE04EC0-301F-11D3-BF4B-00C04F79EFBC}") = "AppointmentService.UnitTests", "tests\AppointmentService.UnitTests\AppointmentService.UnitTests.csproj", "{055B9106-4C64-4EC8-A4A7-C35A7361B18C}"
EndProject
Project("{FAE04EC0-301F-11D3-BF4B-00C04F79EFBC}") = "AppointmentService.IntegrationTests", "tests\AppointmentService.IntegrationTests\AppointmentService.IntegrationTests.csproj", "{451E531D-44A4-424C-ACB3-59DDA01910D4}"
EndProject
Project("{FAE04EC0-301F-11D3-BF4B-00C04F79EFBC}") = "NotificationService.UnitTests", "tests\NotificationService.UnitTests\NotificationService.UnitTests.csproj", "{67F81220-3F78-4165-AE34-F669AE78B47C}"
EndProject
Project("{FAE04EC0-301F-11D3-BF4B-00C04F79EFBC}") = "NotificationService.IntegrationTests", "tests\NotificationService.IntegrationTests\NotificationService.IntegrationTests.csproj", "{AB0944E7-3B34-4CE3-8B5F-01E58C24A0D4}"
EndProject
Project("{2150E333-8FDC-42A3-9474-1A3956D46DE8}") = "IdentityServer", "IdentityServer", "{098A58CE-F050-5F07-F490-4F7895A475F4}"
EndProject
Project("{FAE04EC0-301F-11D3-BF4B-00C04F79EFBC}") = "HealthBooking.IdentityServer", "src\IdentityServer\HealthBooking.IdentityServer\HealthBooking.IdentityServer.csproj", "{49127FA0-02EC-4BF6-8D47-E426CA616DE2}"
EndProject
Project("{2150E333-8FDC-42A3-9474-1A3956D46DE8}") = "ApiGateway", "ApiGateway", "{FCA01246-F2C6-0AA7-D43F-FD13BE0B9D88}"
EndProject
Project("{FAE04EC0-301F-11D3-BF4B-00C04F79EFBC}") = "HealthBooking.ApiGateway", "src\ApiGateway\HealthBooking.ApiGateway\HealthBooking.ApiGateway.csproj", "{E7C8A3AF-06DE-4E8E-9AFF-DB31CE204BD5}"
EndProject
Global
	GlobalSection(SolutionConfigurationPlatforms) = preSolution
		Debug|Any CPU = Debug|Any CPU
		Debug|x64 = Debug|x64
		Debug|x86 = Debug|x86
		Release|Any CPU = Release|Any CPU
		Release|x64 = Release|x64
		Release|x86 = Release|x86
	EndGlobalSection
	GlobalSection(ProjectConfigurationPlatforms) = postSolution
		{519FA343-4C23-4360-A705-8D32BEA40E2A}.Debug|Any CPU.ActiveCfg = Debug|Any CPU
		{519FA343-4C23-4360-A705-8D32BEA40E2A}.Debug|Any CPU.Build.0 = Debug|Any CPU
		{519FA343-4C23-4360-A705-8D32BEA40E2A}.Debug|x64.ActiveCfg = Debug|Any CPU
		{519FA343-4C23-4360-A705-8D32BEA40E2A}.Debug|x64.Build.0 = Debug|Any CPU
		{519FA343-4C23-4360-A705-8D32BEA40E2A}.Debug|x86.ActiveCfg = Debug|Any CPU
		{519FA343-4C23-4360-A705-8D32BEA40E2A}.Debug|x86.Build.0 = Debug|Any CPU
		{519FA343-4C23-4360-A705-8D32BEA40E2A}.Release|Any CPU.ActiveCfg = Release|Any CPU
		{519FA343-4C23-4360-A705-8D32BEA40E2A}.Release|Any CPU.Build.0 = Release|Any CPU
		{519FA343-4C23-4360-A705-8D32BEA40E2A}.Release|x64.ActiveCfg = Release|Any CPU
		{519FA343-4C23-4360-A705-8D32BEA40E2A}.Release|x64.Build.0 = Release|Any CPU
		{519FA343-4C23-4360-A705-8D32BEA40E2A}.Release|x86.ActiveCfg = Release|Any CPU
		{519FA343-4C23-4360-A705-8D32BEA40E2A}.Release|x86.Build.0 = Release|Any CPU
		{CE140F4D-BCAC-4C94-BED7-49B0636C0840}.Debug|Any CPU.ActiveCfg = Debug|Any CPU
		{CE140F4D-BCAC-4C94-BED7-49B0636C0840}.Debug|Any CPU.Build.0 = Debug|Any CPU
		{CE140F4D-BCAC-4C94-BED7-49B0636C0840}.Debug|x64.ActiveCfg = Debug|Any CPU
		{CE140F4D-BCAC-4C94-BED7-49B0636C0840}.Debug|x64.Build.0 = Debug|Any CPU
		{CE140F4D-BCAC-4C94-BED7-49B0636C0840}.Debug|x86.ActiveCfg = Debug|Any CPU
		{CE140F4D-BCAC-4C94-BED7-49B0636C0840}.Debug|x86.Build.0 = Debug|Any CPU
		{CE140F4D-BCAC-4C94-BED7-49B0636C0840}.Release|Any CPU.ActiveCfg = Release|Any CPU
		{CE140F4D-BCAC-4C94-BED7-49B0636C0840}.Release|Any CPU.Build.0 = Release|Any CPU
		{CE140F4D-BCAC-4C94-BED7-49B0636C0840}.Release|x64.ActiveCfg = Release|Any CPU
		{CE140F4D-BCAC-4C94-BED7-49B0636C0840}.Release|x64.Build.0 = Release|Any CPU
		{CE140F4D-BCAC-4C94-BED7-49B0636C0840}.Release|x86.ActiveCfg = Release|Any CPU
		{CE140F4D-BCAC-4C94-BED7-49B0636C0840}.Release|x86.Build.0 = Release|Any CPU
		{08134E10-2DF7-449F-B459-BB729494778E}.Debug|Any CPU.ActiveCfg = Debug|Any CPU
		{08134E10-2DF7-449F-B459-BB729494778E}.Debug|Any CPU.Build.0 = Debug|Any CPU
		{08134E10-2DF7-449F-B459-BB729494778E}.Debug|x64.ActiveCfg = Debug|Any CPU
		{08134E10-2DF7-449F-B459-BB729494778E}.Debug|x64.Build.0 = Debug|Any CPU
		{08134E10-2DF7-449F-B459-BB729494778E}.Debug|x86.ActiveCfg = Debug|Any CPU
		{08134E10-2DF7-449F-B459-BB729494778E}.Debug|x86.Build.0 = Debug|Any CPU
		{08134E10-2DF7-449F-B459-BB729494778E}.Release|Any CPU.ActiveCfg = Release|Any CPU
		{08134E10-2DF7-449F-B459-BB729494778E}.Release|Any CPU.Build.0 = Release|Any CPU
		{08134E10-2DF7-449F-B459-BB729494778E}.Release|x64.ActiveCfg = Release|Any CPU
		{08134E10-2DF7-449F-B459-BB729494778E}.Release|x64.Build.0 = Release|Any CPU
		{08134E10-2DF7-449F-B459-BB729494778E}.Release|x86.ActiveCfg = Release|Any CPU
		{08134E10-2DF7-449F-B459-BB729494778E}.Release|x86.Build.0 = Release|Any CPU
		{392B0349-A837-4BD4-8D6D-1562F8F88A26}.Debug|Any CPU.ActiveCfg = Debug|Any CPU
		{392B0349-A837-4BD4-8D6D-1562F8F88A26}.Debug|Any CPU.Build.0 = Debug|Any CPU
		{392B0349-A837-4BD4-8D6D-1562F8F88A26}.Debug|x64.ActiveCfg = Debug|Any CPU
		{392B0349-A837-4BD4-8D6D-1562F8F88A26}.Debug|x64.Build.0 = Debug|Any CPU
		{392B0349-A837-4BD4-8D6D-1562F8F88A26}.Debug|x86.ActiveCfg = Debug|Any CPU
		{392B0349-A837-4BD4-8D6D-1562F8F88A26}.Debug|x86.Build.0 = Debug|Any CPU
		{392B0349-A837-4BD4-8D6D-1562F8F88A26}.Release|Any CPU.ActiveCfg = Release|Any CPU
		{392B0349-A837-4BD4-8D6D-1562F8F88A26}.Release|Any CPU.Build.0 = Release|Any CPU
		{392B0349-A837-4BD4-8D6D-1562F8F88A26}.Release|x64.ActiveCfg = Release|Any CPU
		{392B0349-A837-4BD4-8D6D-1562F8F88A26}.Release|x64.Build.0 = Release|Any CPU
		{392B0349-A837-4BD4-8D6D-1562F8F88A26}.Release|x86.ActiveCfg = Release|Any CPU
		{392B0349-A837-4BD4-8D6D-1562F8F88A26}.Release|x86.Build.0 = Release|Any CPU
		{E334FEB7-4B58-4224-9821-16EBA8814DCE}.Debug|Any CPU.ActiveCfg = Debug|Any CPU
		{E334FEB7-4B58-4224-9821-16EBA8814DCE}.Debug|Any CPU.Build.0 = Debug|Any CPU
		{E334FEB7-4B58-4224-9821-16EBA8814DCE}.Debug|x64.ActiveCfg = Debug|Any CPU
		{E334FEB7-4B58-4224-9821-16EBA8814DCE}.Debug|x64.Build.0 = Debug|Any CPU
		{E334FEB7-4B58-4224-9821-16EBA8814DCE}.Debug|x86.ActiveCfg = Debug|Any CPU
		{E334FEB7-4B58-4224-9821-16EBA8814DCE}.Debug|x86.Build.0 = Debug|Any CPU
		{E334FEB7-4B58-4224-9821-16EBA8814DCE}.Release|Any CPU.ActiveCfg = Release|Any CPU
		{E334FEB7-4B58-4224-9821-16EBA8814DCE}.Release|Any CPU.Build.0 = Release|Any CPU
		{E334FEB7-4B58-4224-9821-16EBA8814DCE}.Release|x64.ActiveCfg = Release|Any CPU
		{E334FEB7-4B58-4224-9821-16EBA8814DCE}.Release|x64.Build.0 = Release|Any CPU
		{E334FEB7-4B58-4224-9821-16EBA8814DCE}.Release|x86.ActiveCfg = Release|Any CPU
		{E334FEB7-4B58-4224-9821-16EBA8814DCE}.Release|x86.Build.0 = Release|Any CPU
		{355C3934-E36B-481A-B5BD-8FEDDAA81093}.Debug|Any CPU.ActiveCfg = Debug|Any CPU
		{355C3934-E36B-481A-B5BD-8FEDDAA81093}.Debug|Any CPU.Build.0 = Debug|Any CPU
		{355C3934-E36B-481A-B5BD-8FEDDAA81093}.Debug|x64.ActiveCfg = Debug|Any CPU
		{355C3934-E36B-481A-B5BD-8FEDDAA81093}.Debug|x64.Build.0 = Debug|Any CPU
		{355C3934-E36B-481A-B5BD-8FEDDAA81093}.Debug|x86.ActiveCfg = Debug|Any CPU
		{355C3934-E36B-481A-B5BD-8FEDDAA81093}.Debug|x86.Build.0 = Debug|Any CPU
		{355C3934-E36B-481A-B5BD-8FEDDAA81093}.Release|Any CPU.ActiveCfg = Release|Any CPU
		{355C3934-E36B-481A-B5BD-8FEDDAA81093}.Release|Any CPU.Build.0 = Release|Any CPU
		{355C3934-E36B-481A-B5BD-8FEDDAA81093}.Release|x64.ActiveCfg = Release|Any CPU
		{355C3934-E36B-481A-B5BD-8FEDDAA81093}.Release|x64.Build.0 = Release|Any CPU
		{355C3934-E36B-481A-B5BD-8FEDDAA81093}.Release|x86.ActiveCfg = Release|Any CPU
		{355C3934-E36B-481A-B5BD-8FEDDAA81093}.Release|x86.Build.0 = Release|Any CPU
		{0330B925-CDA7-4ED1-AF48-DC22CC5E7E8C}.Debug|Any CPU.ActiveCfg = Debug|Any CPU
		{0330B925-CDA7-4ED1-AF48-DC22CC5E7E8C}.Debug|Any CPU.Build.0 = Debug|Any CPU
		{0330B925-CDA7-4ED1-AF48-DC22CC5E7E8C}.Debug|x64.ActiveCfg = Debug|Any CPU
		{0330B925-CDA7-4ED1-AF48-DC22CC5E7E8C}.Debug|x64.Build.0 = Debug|Any CPU
		{0330B925-CDA7-4ED1-AF48-DC22CC5E7E8C}.Debug|x86.ActiveCfg = Debug|Any CPU
		{0330B925-CDA7-4ED1-AF48-DC22CC5E7E8C}.Debug|x86.Build.0 = Debug|Any CPU
		{0330B925-CDA7-4ED1-AF48-DC22CC5E7E8C}.Release|Any CPU.ActiveCfg = Release|Any CPU
		{0330B925-CDA7-4ED1-AF48-DC22CC5E7E8C}.Release|Any CPU.Build.0 = Release|Any CPU
		{0330B925-CDA7-4ED1-AF48-DC22CC5E7E8C}.Release|x64.ActiveCfg = Release|Any CPU
		{0330B925-CDA7-4ED1-AF48-DC22CC5E7E8C}.Release|x64.Build.0 = Release|Any CPU
		{0330B925-CDA7-4ED1-AF48-DC22CC5E7E8C}.Release|x86.ActiveCfg = Release|Any CPU
		{0330B925-CDA7-4ED1-AF48-DC22CC5E7E8C}.Release|x86.Build.0 = Release|Any CPU
		{7F33CD92-0F13-46AE-9773-981AE76CC497}.Debug|Any CPU.ActiveCfg = Debug|Any CPU
		{7F33CD92-0F13-46AE-9773-981AE76CC497}.Debug|Any CPU.Build.0 = Debug|Any CPU
		{7F33CD92-0F13-46AE-9773-981AE76CC497}.Debug|x64.ActiveCfg = Debug|Any CPU
		{7F33CD92-0F13-46AE-9773-981AE76CC497}.Debug|x64.Build.0 = Debug|Any CPU
		{7F33CD92-0F13-46AE-9773-981AE76CC497}.Debug|x86.ActiveCfg = Debug|Any CPU
		{7F33CD92-0F13-46AE-9773-981AE76CC497}.Debug|x86.Build.0 = Debug|Any CPU
		{7F33CD92-0F13-46AE-9773-981AE76CC497}.Release|Any CPU.ActiveCfg = Release|Any CPU
		{7F33CD92-0F13-46AE-9773-981AE76CC497}.Release|Any CPU.Build.0 = Release|Any CPU
		{7F33CD92-0F13-46AE-9773-981AE76CC497}.Release|x64.ActiveCfg = Release|Any CPU
		{7F33CD92-0F13-46AE-9773-981AE76CC497}.Release|x64.Build.0 = Release|Any CPU
		{7F33CD92-0F13-46AE-9773-981AE76CC497}.Release|x86.ActiveCfg = Release|Any CPU
		{7F33CD92-0F13-46AE-9773-981AE76CC497}.Release|x86.Build.0 = Release|Any CPU
		{78488E1F-D8D0-4E13-A903-5102D4E9D076}.Debug|Any CPU.ActiveCfg = Debug|Any CPU
		{78488E1F-D8D0-4E13-A903-5102D4E9D076}.Debug|Any CPU.Build.0 = Debug|Any CPU
		{78488E1F-D8D0-4E13-A903-5102D4E9D076}.Debug|x64.ActiveCfg = Debug|Any CPU
		{78488E1F-D8D0-4E13-A903-5102D4E9D076}.Debug|x64.Build.0 = Debug|Any CPU
		{78488E1F-D8D0-4E13-A903-5102D4E9D076}.Debug|x86.ActiveCfg = Debug|Any CPU
		{78488E1F-D8D0-4E13-A903-5102D4E9D076}.Debug|x86.Build.0 = Debug|Any CPU
		{78488E1F-D8D0-4E13-A903-5102D4E9D076}.Release|Any CPU.ActiveCfg = Release|Any CPU
		{78488E1F-D8D0-4E13-A903-5102D4E9D076}.Release|Any CPU.Build.0 = Release|Any CPU
		{78488E1F-D8D0-4E13-A903-5102D4E9D076}.Release|x64.ActiveCfg = Release|Any CPU
		{78488E1F-D8D0-4E13-A903-5102D4E9D076}.Release|x64.Build.0 = Release|Any CPU
		{78488E1F-D8D0-4E13-A903-5102D4E9D076}.Release|x86.ActiveCfg = Release|Any CPU
		{78488E1F-D8D0-4E13-A903-5102D4E9D076}.Release|x86.Build.0 = Release|Any CPU
		{CE3D17F3-68BC-476C-870C-4810A17636DA}.Debug|Any CPU.ActiveCfg = Debug|Any CPU
		{CE3D17F3-68BC-476C-870C-4810A17636DA}.Debug|Any CPU.Build.0 = Debug|Any CPU
		{CE3D17F3-68BC-476C-870C-4810A17636DA}.Debug|x64.ActiveCfg = Debug|Any CPU
		{CE3D17F3-68BC-476C-870C-4810A17636DA}.Debug|x64.Build.0 = Debug|Any CPU
		{CE3D17F3-68BC-476C-870C-4810A17636DA}.Debug|x86.ActiveCfg = Debug|Any CPU
		{CE3D17F3-68BC-476C-870C-4810A17636DA}.Debug|x86.Build.0 = Debug|Any CPU
		{CE3D17F3-68BC-476C-870C-4810A17636DA}.Release|Any CPU.ActiveCfg = Release|Any CPU
		{CE3D17F3-68BC-476C-870C-4810A17636DA}.Release|Any CPU.Build.0 = Release|Any CPU
		{CE3D17F3-68BC-476C-870C-4810A17636DA}.Release|x64.ActiveCfg = Release|Any CPU
		{CE3D17F3-68BC-476C-870C-4810A17636DA}.Release|x64.Build.0 = Release|Any CPU
		{CE3D17F3-68BC-476C-870C-4810A17636DA}.Release|x86.ActiveCfg = Release|Any CPU
		{CE3D17F3-68BC-476C-870C-4810A17636DA}.Release|x86.Build.0 = Release|Any CPU
		{367C1439-65FF-4224-A5F5-DE52CF6DDFC6}.Debug|Any CPU.ActiveCfg = Debug|Any CPU
		{367C1439-65FF-4224-A5F5-DE52CF6DDFC6}.Debug|Any CPU.Build.0 = Debug|Any CPU
		{367C1439-65FF-4224-A5F5-DE52CF6DDFC6}.Debug|x64.ActiveCfg = Debug|Any CPU
		{367C1439-65FF-4224-A5F5-DE52CF6DDFC6}.Debug|x64.Build.0 = Debug|Any CPU
		{367C1439-65FF-4224-A5F5-DE52CF6DDFC6}.Debug|x86.ActiveCfg = Debug|Any CPU
		{367C1439-65FF-4224-A5F5-DE52CF6DDFC6}.Debug|x86.Build.0 = Debug|Any CPU
		{367C1439-65FF-4224-A5F5-DE52CF6DDFC6}.Release|Any CPU.ActiveCfg = Release|Any CPU
		{367C1439-65FF-4224-A5F5-DE52CF6DDFC6}.Release|Any CPU.Build.0 = Release|Any CPU
		{367C1439-65FF-4224-A5F5-DE52CF6DDFC6}.Release|x64.ActiveCfg = Release|Any CPU
		{367C1439-65FF-4224-A5F5-DE52CF6DDFC6}.Release|x64.Build.0 = Release|Any CPU
		{367C1439-65FF-4224-A5F5-DE52CF6DDFC6}.Release|x86.ActiveCfg = Release|Any CPU
		{367C1439-65FF-4224-A5F5-DE52CF6DDFC6}.Release|x86.Build.0 = Release|Any CPU
		{4488EA9C-EB8E-4292-8E94-CEA83C519783}.Debug|Any CPU.ActiveCfg = Debug|Any CPU
		{4488EA9C-EB8E-4292-8E94-CEA83C519783}.Debug|Any CPU.Build.0 = Debug|Any CPU
		{4488EA9C-EB8E-4292-8E94-CEA83C519783}.Debug|x64.ActiveCfg = Debug|Any CPU
		{4488EA9C-EB8E-4292-8E94-CEA83C519783}.Debug|x64.Build.0 = Debug|Any CPU
		{4488EA9C-EB8E-4292-8E94-CEA83C519783}.Debug|x86.ActiveCfg = Debug|Any CPU
		{4488EA9C-EB8E-4292-8E94-CEA83C519783}.Debug|x86.Build.0 = Debug|Any CPU
		{4488EA9C-EB8E-4292-8E94-CEA83C519783}.Release|Any CPU.ActiveCfg = Release|Any CPU
		{4488EA9C-EB8E-4292-8E94-CEA83C519783}.Release|Any CPU.Build.0 = Release|Any CPU
		{4488EA9C-EB8E-4292-8E94-CEA83C519783}.Release|x64.ActiveCfg = Release|Any CPU
		{4488EA9C-EB8E-4292-8E94-CEA83C519783}.Release|x64.Build.0 = Release|Any CPU
		{4488EA9C-EB8E-4292-8E94-CEA83C519783}.Release|x86.ActiveCfg = Release|Any CPU
		{4488EA9C-EB8E-4292-8E94-CEA83C519783}.Release|x86.Build.0 = Release|Any CPU
		{04E64B4D-7A8B-4010-BEBA-6921BED2CD6F}.Debug|Any CPU.ActiveCfg = Debug|Any CPU
		{04E64B4D-7A8B-4010-BEBA-6921BED2CD6F}.Debug|Any CPU.Build.0 = Debug|Any CPU
		{04E64B4D-7A8B-4010-BEBA-6921BED2CD6F}.Debug|x64.ActiveCfg = Debug|Any CPU
		{04E64B4D-7A8B-4010-BEBA-6921BED2CD6F}.Debug|x64.Build.0 = Debug|Any CPU
		{04E64B4D-7A8B-4010-BEBA-6921BED2CD6F}.Debug|x86.ActiveCfg = Debug|Any CPU
		{04E64B4D-7A8B-4010-BEBA-6921BED2CD6F}.Debug|x86.Build.0 = Debug|Any CPU
		{04E64B4D-7A8B-4010-BEBA-6921BED2CD6F}.Release|Any CPU.ActiveCfg = Release|Any CPU
		{04E64B4D-7A8B-4010-BEBA-6921BED2CD6F}.Release|Any CPU.Build.0 = Release|Any CPU
		{04E64B4D-7A8B-4010-BEBA-6921BED2CD6F}.Release|x64.ActiveCfg = Release|Any CPU
		{04E64B4D-7A8B-4010-BEBA-6921BED2CD6F}.Release|x64.Build.0 = Release|Any CPU
		{04E64B4D-7A8B-4010-BEBA-6921BED2CD6F}.Release|x86.ActiveCfg = Release|Any CPU
		{04E64B4D-7A8B-4010-BEBA-6921BED2CD6F}.Release|x86.Build.0 = Release|Any CPU
		{DFCDD918-BB98-44B3-B74D-8825CBE5F23F}.Debug|Any CPU.ActiveCfg = Debug|Any CPU
		{DFCDD918-BB98-44B3-B74D-8825CBE5F23F}.Debug|Any CPU.Build.0 = Debug|Any CPU
		{DFCDD918-BB98-44B3-B74D-8825CBE5F23F}.Debug|x64.ActiveCfg = Debug|Any CPU
		{DFCDD918-BB98-44B3-B74D-8825CBE5F23F}.Debug|x64.Build.0 = Debug|Any CPU
		{DFCDD918-BB98-44B3-B74D-8825CBE5F23F}.Debug|x86.ActiveCfg = Debug|Any CPU
		{DFCDD918-BB98-44B3-B74D-8825CBE5F23F}.Debug|x86.Build.0 = Debug|Any CPU
		{DFCDD918-BB98-44B3-B74D-8825CBE5F23F}.Release|Any CPU.ActiveCfg = Release|Any CPU
		{DFCDD918-BB98-44B3-B74D-8825CBE5F23F}.Release|Any CPU.Build.0 = Release|Any CPU
		{DFCDD918-BB98-44B3-B74D-8825CBE5F23F}.Release|x64.ActiveCfg = Release|Any CPU
		{DFCDD918-BB98-44B3-B74D-8825CBE5F23F}.Release|x64.Build.0 = Release|Any CPU
		{DFCDD918-BB98-44B3-B74D-8825CBE5F23F}.Release|x86.ActiveCfg = Release|Any CPU
		{DFCDD918-BB98-44B3-B74D-8825CBE5F23F}.Release|x86.Build.0 = Release|Any CPU
		{DD227CB3-0B2D-4AB1-B545-C83056E2F26A}.Debug|Any CPU.ActiveCfg = Debug|Any CPU
		{DD227CB3-0B2D-4AB1-B545-C83056E2F26A}.Debug|Any CPU.Build.0 = Debug|Any CPU
		{DD227CB3-0B2D-4AB1-B545-C83056E2F26A}.Debug|x64.ActiveCfg = Debug|Any CPU
		{DD227CB3-0B2D-4AB1-B545-C83056E2F26A}.Debug|x64.Build.0 = Debug|Any CPU
		{DD227CB3-0B2D-4AB1-B545-C83056E2F26A}.Debug|x86.ActiveCfg = Debug|Any CPU
		{DD227CB3-0B2D-4AB1-B545-C83056E2F26A}.Debug|x86.Build.0 = Debug|Any CPU
		{DD227CB3-0B2D-4AB1-B545-C83056E2F26A}.Release|Any CPU.ActiveCfg = Release|Any CPU
		{DD227CB3-0B2D-4AB1-B545-C83056E2F26A}.Release|Any CPU.Build.0 = Release|Any CPU
		{DD227CB3-0B2D-4AB1-B545-C83056E2F26A}.Release|x64.ActiveCfg = Release|Any CPU
		{DD227CB3-0B2D-4AB1-B545-C83056E2F26A}.Release|x64.Build.0 = Release|Any CPU
		{DD227CB3-0B2D-4AB1-B545-C83056E2F26A}.Release|x86.ActiveCfg = Release|Any CPU
		{DD227CB3-0B2D-4AB1-B545-C83056E2F26A}.Release|x86.Build.0 = Release|Any CPU
		{10D52E11-6269-479C-8FF2-68899C86420F}.Debug|Any CPU.ActiveCfg = Debug|Any CPU
		{10D52E11-6269-479C-8FF2-68899C86420F}.Debug|Any CPU.Build.0 = Debug|Any CPU
		{10D52E11-6269-479C-8FF2-68899C86420F}.Debug|x64.ActiveCfg = Debug|Any CPU
		{10D52E11-6269-479C-8FF2-68899C86420F}.Debug|x64.Build.0 = Debug|Any CPU
		{10D52E11-6269-479C-8FF2-68899C86420F}.Debug|x86.ActiveCfg = Debug|Any CPU
		{10D52E11-6269-479C-8FF2-68899C86420F}.Debug|x86.Build.0 = Debug|Any CPU
		{10D52E11-6269-479C-8FF2-68899C86420F}.Release|Any CPU.ActiveCfg = Release|Any CPU
		{10D52E11-6269-479C-8FF2-68899C86420F}.Release|Any CPU.Build.0 = Release|Any CPU
		{10D52E11-6269-479C-8FF2-68899C86420F}.Release|x64.ActiveCfg = Release|Any CPU
		{10D52E11-6269-479C-8FF2-68899C86420F}.Release|x64.Build.0 = Release|Any CPU
		{10D52E11-6269-479C-8FF2-68899C86420F}.Release|x86.ActiveCfg = Release|Any CPU
		{10D52E11-6269-479C-8FF2-68899C86420F}.Release|x86.Build.0 = Release|Any CPU
		{984F6CB1-F2FD-455C-BC4A-BE236F71A693}.Debug|Any CPU.ActiveCfg = Debug|Any CPU
		{984F6CB1-F2FD-455C-BC4A-BE236F71A693}.Debug|Any CPU.Build.0 = Debug|Any CPU
		{984F6CB1-F2FD-455C-BC4A-BE236F71A693}.Debug|x64.ActiveCfg = Debug|Any CPU
		{984F6CB1-F2FD-455C-BC4A-BE236F71A693}.Debug|x64.Build.0 = Debug|Any CPU
		{984F6CB1-F2FD-455C-BC4A-BE236F71A693}.Debug|x86.ActiveCfg = Debug|Any CPU
		{984F6CB1-F2FD-455C-BC4A-BE236F71A693}.Debug|x86.Build.0 = Debug|Any CPU
		{984F6CB1-F2FD-455C-BC4A-BE236F71A693}.Release|Any CPU.ActiveCfg = Release|Any CPU
		{984F6CB1-F2FD-455C-BC4A-BE236F71A693}.Release|Any CPU.Build.0 = Release|Any CPU
		{984F6CB1-F2FD-455C-BC4A-BE236F71A693}.Release|x64.ActiveCfg = Release|Any CPU
		{984F6CB1-F2FD-455C-BC4A-BE236F71A693}.Release|x64.Build.0 = Release|Any CPU
		{984F6CB1-F2FD-455C-BC4A-BE236F71A693}.Release|x86.ActiveCfg = Release|Any CPU
		{984F6CB1-F2FD-455C-BC4A-BE236F71A693}.Release|x86.Build.0 = Release|Any CPU
		{0974AAEA-E1D7-45A0-8C47-F726672800E7}.Debug|Any CPU.ActiveCfg = Debug|Any CPU
		{0974AAEA-E1D7-45A0-8C47-F726672800E7}.Debug|Any CPU.Build.0 = Debug|Any CPU
		{0974AAEA-E1D7-45A0-8C47-F726672800E7}.Debug|x64.ActiveCfg = Debug|Any CPU
		{0974AAEA-E1D7-45A0-8C47-F726672800E7}.Debug|x64.Build.0 = Debug|Any CPU
		{0974AAEA-E1D7-45A0-8C47-F726672800E7}.Debug|x86.ActiveCfg = Debug|Any CPU
		{0974AAEA-E1D7-45A0-8C47-F726672800E7}.Debug|x86.Build.0 = Debug|Any CPU
		{0974AAEA-E1D7-45A0-8C47-F726672800E7}.Release|Any CPU.ActiveCfg = Release|Any CPU
		{0974AAEA-E1D7-45A0-8C47-F726672800E7}.Release|Any CPU.Build.0 = Release|Any CPU
		{0974AAEA-E1D7-45A0-8C47-F726672800E7}.Release|x64.ActiveCfg = Release|Any CPU
		{0974AAEA-E1D7-45A0-8C47-F726672800E7}.Release|x64.Build.0 = Release|Any CPU
		{0974AAEA-E1D7-45A0-8C47-F726672800E7}.Release|x86.ActiveCfg = Release|Any CPU
		{0974AAEA-E1D7-45A0-8C47-F726672800E7}.Release|x86.Build.0 = Release|Any CPU
		{7EE05844-6AD0-49F9-AB66-50083FF2A465}.Debug|Any CPU.ActiveCfg = Debug|Any CPU
		{7EE05844-6AD0-49F9-AB66-50083FF2A465}.Debug|Any CPU.Build.0 = Debug|Any CPU
		{7EE05844-6AD0-49F9-AB66-50083FF2A465}.Debug|x64.ActiveCfg = Debug|Any CPU
		{7EE05844-6AD0-49F9-AB66-50083FF2A465}.Debug|x64.Build.0 = Debug|Any CPU
		{7EE05844-6AD0-49F9-AB66-50083FF2A465}.Debug|x86.ActiveCfg = Debug|Any CPU
		{7EE05844-6AD0-49F9-AB66-50083FF2A465}.Debug|x86.Build.0 = Debug|Any CPU
		{7EE05844-6AD0-49F9-AB66-50083FF2A465}.Release|Any CPU.ActiveCfg = Release|Any CPU
		{7EE05844-6AD0-49F9-AB66-50083FF2A465}.Release|Any CPU.Build.0 = Release|Any CPU
		{7EE05844-6AD0-49F9-AB66-50083FF2A465}.Release|x64.ActiveCfg = Release|Any CPU
		{7EE05844-6AD0-49F9-AB66-50083FF2A465}.Release|x64.Build.0 = Release|Any CPU
		{7EE05844-6AD0-49F9-AB66-50083FF2A465}.Release|x86.ActiveCfg = Release|Any CPU
		{7EE05844-6AD0-49F9-AB66-50083FF2A465}.Release|x86.Build.0 = Release|Any CPU
		{D8915787-4034-4AC2-ABC0-0BC7679FFC64}.Debug|Any CPU.ActiveCfg = Debug|Any CPU
		{D8915787-4034-4AC2-ABC0-0BC7679FFC64}.Debug|Any CPU.Build.0 = Debug|Any CPU
		{D8915787-4034-4AC2-ABC0-0BC7679FFC64}.Debug|x64.ActiveCfg = Debug|Any CPU
		{D8915787-4034-4AC2-ABC0-0BC7679FFC64}.Debug|x64.Build.0 = Debug|Any CPU
		{D8915787-4034-4AC2-ABC0-0BC7679FFC64}.Debug|x86.ActiveCfg = Debug|Any CPU
		{D8915787-4034-4AC2-ABC0-0BC7679FFC64}.Debug|x86.Build.0 = Debug|Any CPU
		{D8915787-4034-4AC2-ABC0-0BC7679FFC64}.Release|Any CPU.ActiveCfg = Release|Any CPU
		{D8915787-4034-4AC2-ABC0-0BC7679FFC64}.Release|Any CPU.Build.0 = Release|Any CPU
		{D8915787-4034-4AC2-ABC0-0BC7679FFC64}.Release|x64.ActiveCfg = Release|Any CPU
		{D8915787-4034-4AC2-ABC0-0BC7679FFC64}.Release|x64.Build.0 = Release|Any CPU
		{D8915787-4034-4AC2-ABC0-0BC7679FFC64}.Release|x86.ActiveCfg = Release|Any CPU
		{D8915787-4034-4AC2-ABC0-0BC7679FFC64}.Release|x86.Build.0 = Release|Any CPU
		{764EC843-6C8E-422F-BB00-0480010598D0}.Debug|Any CPU.ActiveCfg = Debug|Any CPU
		{764EC843-6C8E-422F-BB00-0480010598D0}.Debug|Any CPU.Build.0 = Debug|Any CPU
		{764EC843-6C8E-422F-BB00-0480010598D0}.Debug|x64.ActiveCfg = Debug|Any CPU
		{764EC843-6C8E-422F-BB00-0480010598D0}.Debug|x64.Build.0 = Debug|Any CPU
		{764EC843-6C8E-422F-BB00-0480010598D0}.Debug|x86.ActiveCfg = Debug|Any CPU
		{764EC843-6C8E-422F-BB00-0480010598D0}.Debug|x86.Build.0 = Debug|Any CPU
		{764EC843-6C8E-422F-BB00-0480010598D0}.Release|Any CPU.ActiveCfg = Release|Any CPU
		{764EC843-6C8E-422F-BB00-0480010598D0}.Release|Any CPU.Build.0 = Release|Any CPU
		{764EC843-6C8E-422F-BB00-0480010598D0}.Release|x64.ActiveCfg = Release|Any CPU
		{764EC843-6C8E-422F-BB00-0480010598D0}.Release|x64.Build.0 = Release|Any CPU
		{764EC843-6C8E-422F-BB00-0480010598D0}.Release|x86.ActiveCfg = Release|Any CPU
		{764EC843-6C8E-422F-BB00-0480010598D0}.Release|x86.Build.0 = Release|Any CPU
		{6F94AA2E-0BE5-47C8-AE29-69611E276E0E}.Debug|Any CPU.ActiveCfg = Debug|Any CPU
		{6F94AA2E-0BE5-47C8-AE29-69611E276E0E}.Debug|Any CPU.Build.0 = Debug|Any CPU
		{6F94AA2E-0BE5-47C8-AE29-69611E276E0E}.Debug|x64.ActiveCfg = Debug|Any CPU
		{6F94AA2E-0BE5-47C8-AE29-69611E276E0E}.Debug|x64.Build.0 = Debug|Any CPU
		{6F94AA2E-0BE5-47C8-AE29-69611E276E0E}.Debug|x86.ActiveCfg = Debug|Any CPU
		{6F94AA2E-0BE5-47C8-AE29-69611E276E0E}.Debug|x86.Build.0 = Debug|Any CPU
		{6F94AA2E-0BE5-47C8-AE29-69611E276E0E}.Release|Any CPU.ActiveCfg = Release|Any CPU
		{6F94AA2E-0BE5-47C8-AE29-69611E276E0E}.Release|Any CPU.Build.0 = Release|Any CPU
		{6F94AA2E-0BE5-47C8-AE29-69611E276E0E}.Release|x64.ActiveCfg = Release|Any CPU
		{6F94AA2E-0BE5-47C8-AE29-69611E276E0E}.Release|x64.Build.0 = Release|Any CPU
		{6F94AA2E-0BE5-47C8-AE29-69611E276E0E}.Release|x86.ActiveCfg = Release|Any CPU
		{6F94AA2E-0BE5-47C8-AE29-69611E276E0E}.Release|x86.Build.0 = Release|Any CPU
		{055B9106-4C64-4EC8-A4A7-C35A7361B18C}.Debug|Any CPU.ActiveCfg = Debug|Any CPU
		{055B9106-4C64-4EC8-A4A7-C35A7361B18C}.Debug|Any CPU.Build.0 = Debug|Any CPU
		{055B9106-4C64-4EC8-A4A7-C35A7361B18C}.Debug|x64.ActiveCfg = Debug|Any CPU
		{055B9106-4C64-4EC8-A4A7-C35A7361B18C}.Debug|x64.Build.0 = Debug|Any CPU
		{055B9106-4C64-4EC8-A4A7-C35A7361B18C}.Debug|x86.ActiveCfg = Debug|Any CPU
		{055B9106-4C64-4EC8-A4A7-C35A7361B18C}.Debug|x86.Build.0 = Debug|Any CPU
		{055B9106-4C64-4EC8-A4A7-C35A7361B18C}.Release|Any CPU.ActiveCfg = Release|Any CPU
		{055B9106-4C64-4EC8-A4A7-C35A7361B18C}.Release|Any CPU.Build.0 = Release|Any CPU
		{055B9106-4C64-4EC8-A4A7-C35A7361B18C}.Release|x64.ActiveCfg = Release|Any CPU
		{055B9106-4C64-4EC8-A4A7-C35A7361B18C}.Release|x64.Build.0 = Release|Any CPU
		{055B9106-4C64-4EC8-A4A7-C35A7361B18C}.Release|x86.ActiveCfg = Release|Any CPU
		{055B9106-4C64-4EC8-A4A7-C35A7361B18C}.Release|x86.Build.0 = Release|Any CPU
		{451E531D-44A4-424C-ACB3-59DDA01910D4}.Debug|Any CPU.ActiveCfg = Debug|Any CPU
		{451E531D-44A4-424C-ACB3-59DDA01910D4}.Debug|Any CPU.Build.0 = Debug|Any CPU
		{451E531D-44A4-424C-ACB3-59DDA01910D4}.Debug|x64.ActiveCfg = Debug|Any CPU
		{451E531D-44A4-424C-ACB3-59DDA01910D4}.Debug|x64.Build.0 = Debug|Any CPU
		{451E531D-44A4-424C-ACB3-59DDA01910D4}.Debug|x86.ActiveCfg = Debug|Any CPU
		{451E531D-44A4-424C-ACB3-59DDA01910D4}.Debug|x86.Build.0 = Debug|Any CPU
		{451E531D-44A4-424C-ACB3-59DDA01910D4}.Release|Any CPU.ActiveCfg = Release|Any CPU
		{451E531D-44A4-424C-ACB3-59DDA01910D4}.Release|Any CPU.Build.0 = Release|Any CPU
		{451E531D-44A4-424C-ACB3-59DDA01910D4}.Release|x64.ActiveCfg = Release|Any CPU
		{451E531D-44A4-424C-ACB3-59DDA01910D4}.Release|x64.Build.0 = Release|Any CPU
		{451E531D-44A4-424C-ACB3-59DDA01910D4}.Release|x86.ActiveCfg = Release|Any CPU
		{451E531D-44A4-424C-ACB3-59DDA01910D4}.Release|x86.Build.0 = Release|Any CPU
		{67F81220-3F78-4165-AE34-F669AE78B47C}.Debug|Any CPU.ActiveCfg = Debug|Any CPU
		{67F81220-3F78-4165-AE34-F669AE78B47C}.Debug|Any CPU.Build.0 = Debug|Any CPU
		{67F81220-3F78-4165-AE34-F669AE78B47C}.Debug|x64.ActiveCfg = Debug|Any CPU
		{67F81220-3F78-4165-AE34-F669AE78B47C}.Debug|x64.Build.0 = Debug|Any CPU
		{67F81220-3F78-4165-AE34-F669AE78B47C}.Debug|x86.ActiveCfg = Debug|Any CPU
		{67F81220-3F78-4165-AE34-F669AE78B47C}.Debug|x86.Build.0 = Debug|Any CPU
		{67F81220-3F78-4165-AE34-F669AE78B47C}.Release|Any CPU.ActiveCfg = Release|Any CPU
		{67F81220-3F78-4165-AE34-F669AE78B47C}.Release|Any CPU.Build.0 = Release|Any CPU
		{67F81220-3F78-4165-AE34-F669AE78B47C}.Release|x64.ActiveCfg = Release|Any CPU
		{67F81220-3F78-4165-AE34-F669AE78B47C}.Release|x64.Build.0 = Release|Any CPU
		{67F81220-3F78-4165-AE34-F669AE78B47C}.Release|x86.ActiveCfg = Release|Any CPU
		{67F81220-3F78-4165-AE34-F669AE78B47C}.Release|x86.Build.0 = Release|Any CPU
		{AB0944E7-3B34-4CE3-8B5F-01E58C24A0D4}.Debug|Any CPU.ActiveCfg = Debug|Any CPU
		{AB0944E7-3B34-4CE3-8B5F-01E58C24A0D4}.Debug|Any CPU.Build.0 = Debug|Any CPU
		{AB0944E7-3B34-4CE3-8B5F-01E58C24A0D4}.Debug|x64.ActiveCfg = Debug|Any CPU
		{AB0944E7-3B34-4CE3-8B5F-01E58C24A0D4}.Debug|x64.Build.0 = Debug|Any CPU
		{AB0944E7-3B34-4CE3-8B5F-01E58C24A0D4}.Debug|x86.ActiveCfg = Debug|Any CPU
		{AB0944E7-3B34-4CE3-8B5F-01E58C24A0D4}.Debug|x86.Build.0 = Debug|Any CPU
		{AB0944E7-3B34-4CE3-8B5F-01E58C24A0D4}.Release|Any CPU.ActiveCfg = Release|Any CPU
		{AB0944E7-3B34-4CE3-8B5F-01E58C24A0D4}.Release|Any CPU.Build.0 = Release|Any CPU
		{AB0944E7-3B34-4CE3-8B5F-01E58C24A0D4}.Release|x64.ActiveCfg = Release|Any CPU
		{AB0944E7-3B34-4CE3-8B5F-01E58C24A0D4}.Release|x64.Build.0 = Release|Any CPU
		{AB0944E7-3B34-4CE3-8B5F-01E58C24A0D4}.Release|x86.ActiveCfg = Release|Any CPU
		{AB0944E7-3B34-4CE3-8B5F-01E58C24A0D4}.Release|x86.Build.0 = Release|Any CPU
		{49127FA0-02EC-4BF6-8D47-E426CA616DE2}.Debug|Any CPU.ActiveCfg = Debug|Any CPU
		{49127FA0-02EC-4BF6-8D47-E426CA616DE2}.Debug|Any CPU.Build.0 = Debug|Any CPU
		{49127FA0-02EC-4BF6-8D47-E426CA616DE2}.Debug|x64.ActiveCfg = Debug|Any CPU
		{49127FA0-02EC-4BF6-8D47-E426CA616DE2}.Debug|x64.Build.0 = Debug|Any CPU
		{49127FA0-02EC-4BF6-8D47-E426CA616DE2}.Debug|x86.ActiveCfg = Debug|Any CPU
		{49127FA0-02EC-4BF6-8D47-E426CA616DE2}.Debug|x86.Build.0 = Debug|Any CPU
		{49127FA0-02EC-4BF6-8D47-E426CA616DE2}.Release|Any CPU.ActiveCfg = Release|Any CPU
		{49127FA0-02EC-4BF6-8D47-E426CA616DE2}.Release|Any CPU.Build.0 = Release|Any CPU
		{49127FA0-02EC-4BF6-8D47-E426CA616DE2}.Release|x64.ActiveCfg = Release|Any CPU
		{49127FA0-02EC-4BF6-8D47-E426CA616DE2}.Release|x64.Build.0 = Release|Any CPU
		{49127FA0-02EC-4BF6-8D47-E426CA616DE2}.Release|x86.ActiveCfg = Release|Any CPU
		{49127FA0-02EC-4BF6-8D47-E426CA616DE2}.Release|x86.Build.0 = Release|Any CPU
		{E7C8A3AF-06DE-4E8E-9AFF-DB31CE204BD5}.Debug|Any CPU.ActiveCfg = Debug|Any CPU
		{E7C8A3AF-06DE-4E8E-9AFF-DB31CE204BD5}.Debug|Any CPU.Build.0 = Debug|Any CPU
		{E7C8A3AF-06DE-4E8E-9AFF-DB31CE204BD5}.Debug|x64.ActiveCfg = Debug|Any CPU
		{E7C8A3AF-06DE-4E8E-9AFF-DB31CE204BD5}.Debug|x64.Build.0 = Debug|Any CPU
		{E7C8A3AF-06DE-4E8E-9AFF-DB31CE204BD5}.Debug|x86.ActiveCfg = Debug|Any CPU
		{E7C8A3AF-06DE-4E8E-9AFF-DB31CE204BD5}.Debug|x86.Build.0 = Debug|Any CPU
		{E7C8A3AF-06DE-4E8E-9AFF-DB31CE204BD5}.Release|Any CPU.ActiveCfg = Release|Any CPU
		{E7C8A3AF-06DE-4E8E-9AFF-DB31CE204BD5}.Release|Any CPU.Build.0 = Release|Any CPU
		{E7C8A3AF-06DE-4E8E-9AFF-DB31CE204BD5}.Release|x64.ActiveCfg = Release|Any CPU
		{E7C8A3AF-06DE-4E8E-9AFF-DB31CE204BD5}.Release|x64.Build.0 = Release|Any CPU
		{E7C8A3AF-06DE-4E8E-9AFF-DB31CE204BD5}.Release|x86.ActiveCfg = Release|Any CPU
		{E7C8A3AF-06DE-4E8E-9AFF-DB31CE204BD5}.Release|x86.Build.0 = Release|Any CPU
	EndGlobalSection
	GlobalSection(SolutionProperties) = preSolution
		HideSolutionNode = FALSE
	EndGlobalSection
	GlobalSection(NestedProjects) = preSolution
		{85F909CB-8F14-ECC8-BA9D-713D1771907F} = {827E0CD3-B72D-47B6-A68D-7590B98EB39B}
		{519FA343-4C23-4360-A705-8D32BEA40E2A} = {85F909CB-8F14-ECC8-BA9D-713D1771907F}
		{CE140F4D-BCAC-4C94-BED7-49B0636C0840} = {85F909CB-8F14-ECC8-BA9D-713D1771907F}
		{984BB9B3-3FA3-BE33-9484-CAC21695A33C} = {827E0CD3-B72D-47B6-A68D-7590B98EB39B}
		{34760CDF-6AC2-5244-C172-C69719E4E207} = {984BB9B3-3FA3-BE33-9484-CAC21695A33C}
		{08134E10-2DF7-449F-B459-BB729494778E} = {34760CDF-6AC2-5244-C172-C69719E4E207}
		{392B0349-A837-4BD4-8D6D-1562F8F88A26} = {34760CDF-6AC2-5244-C172-C69719E4E207}
		{E334FEB7-4B58-4224-9821-16EBA8814DCE} = {34760CDF-6AC2-5244-C172-C69719E4E207}
		{355C3934-E36B-481A-B5BD-8FEDDAA81093} = {34760CDF-6AC2-5244-C172-C69719E4E207}
		{76A1D47B-7348-6910-8FC7-D901FB6F5829} = {984BB9B3-3FA3-BE33-9484-CAC21695A33C}
		{0330B925-CDA7-4ED1-AF48-DC22CC5E7E8C} = {76A1D47B-7348-6910-8FC7-D901FB6F5829}
		{7F33CD92-0F13-46AE-9773-981AE76CC497} = {76A1D47B-7348-6910-8FC7-D901FB6F5829}
		{78488E1F-D8D0-4E13-A903-5102D4E9D076} = {76A1D47B-7348-6910-8FC7-D901FB6F5829}
		{CE3D17F3-68BC-476C-870C-4810A17636DA} = {76A1D47B-7348-6910-8FC7-D901FB6F5829}
		{F2AFAB5B-9718-16EF-988A-BBF3181D1F28} = {984BB9B3-3FA3-BE33-9484-CAC21695A33C}
		{367C1439-65FF-4224-A5F5-DE52CF6DDFC6} = {F2AFAB5B-9718-16EF-988A-BBF3181D1F28}
		{4488EA9C-EB8E-4292-8E94-CEA83C519783} = {F2AFAB5B-9718-16EF-988A-BBF3181D1F28}
		{04E64B4D-7A8B-4010-BEBA-6921BED2CD6F} = {F2AFAB5B-9718-16EF-988A-BBF3181D1F28}
		{DFCDD918-BB98-44B3-B74D-8825CBE5F23F} = {F2AFAB5B-9718-16EF-988A-BBF3181D1F28}
		{47931FAB-DBE1-FD8F-0AFF-2CD4B99C52C4} = {984BB9B3-3FA3-BE33-9484-CAC21695A33C}
		{DD227CB3-0B2D-4AB1-B545-C83056E2F26A} = {47931FAB-DBE1-FD8F-0AFF-2CD4B99C52C4}
		{10D52E11-6269-479C-8FF2-68899C86420F} = {47931FAB-DBE1-FD8F-0AFF-2CD4B99C52C4}
		{984F6CB1-F2FD-455C-BC4A-BE236F71A693} = {47931FAB-DBE1-FD8F-0AFF-2CD4B99C52C4}
		{0974AAEA-E1D7-45A0-8C47-F726672800E7} = {47931FAB-DBE1-FD8F-0AFF-2CD4B99C52C4}
		{7EE05844-6AD0-49F9-AB66-50083FF2A465} = {0AB3BF05-4346-4AA6-1389-037BE0695223}
		{D8915787-4034-4AC2-ABC0-0BC7679FFC64} = {0AB3BF05-4346-4AA6-1389-037BE0695223}
		{764EC843-6C8E-422F-BB00-0480010598D0} = {0AB3BF05-4346-4AA6-1389-037BE0695223}
		{6F94AA2E-0BE5-47C8-AE29-69611E276E0E} = {0AB3BF05-4346-4AA6-1389-037BE0695223}
		{055B9106-4C64-4EC8-A4A7-C35A7361B18C} = {0AB3BF05-4346-4AA6-1389-037BE0695223}
		{451E531D-44A4-424C-ACB3-59DDA01910D4} = {0AB3BF05-4346-4AA6-1389-037BE0695223}
		{67F81220-3F78-4165-AE34-F669AE78B47C} = {0AB3BF05-4346-4AA6-1389-037BE0695223}
		{AB0944E7-3B34-4CE3-8B5F-01E58C24A0D4} = {0AB3BF05-4346-4AA6-1389-037BE0695223}
		{098A58CE-F050-5F07-F490-4F7895A475F4} = {827E0CD3-B72D-47B6-A68D-7590B98EB39B}
		{49127FA0-02EC-4BF6-8D47-E426CA616DE2} = {098A58CE-F050-5F07-F490-4F7895A475F4}
		{FCA01246-F2C6-0AA7-D43F-FD13BE0B9D88} = {827E0CD3-B72D-47B6-A68D-7590B98EB39B}
		{E7C8A3AF-06DE-4E8E-9AFF-DB31CE204BD5} = {FCA01246-F2C6-0AA7-D43F-FD13BE0B9D88}
	EndGlobalSection
EndGlobal
